
Microsoft Visual Studio Solution File, Format Version 12.00
Project("{FAE04EC0-301F-11D3-BF4B-00C04F79EFBC}") = "StructPadding", "StructPadding\StructPadding.csproj", "{1E67C714-751A-403A-8C48-9353F8FC5CD6}"
EndProject
Project("{FAE04EC0-301F-11D3-BF4B-00C04F79EFBC}") = "StructPadding.Tests", "StructPadding.Tests\StructPadding.Tests.csproj", "{AAE25C96-EB38-4132-BB59-BDDBA9987E99}"
EndProject
Global
	GlobalSection(SolutionConfigurationPlatforms) = preSolution
		Debug|Any CPU = Debug|Any CPU
		Release|Any CPU = Release|Any CPU
	EndGlobalSection
	GlobalSection(ProjectConfigurationPlatforms) = postSolution
		{1E67C714-751A-403A-8C48-9353F8FC5CD6}.Debug|Any CPU.ActiveCfg = Debug|Any CPU
		{1E67C714-751A-403A-8C48-9353F8FC5CD6}.Debug|Any CPU.Build.0 = Debug|Any CPU
		{1E67C714-751A-403A-8C48-9353F8FC5CD6}.Release|Any CPU.ActiveCfg = Release|Any CPU
		{1E67C714-751A-403A-8C48-9353F8FC5CD6}.Release|Any CPU.Build.0 = Release|Any CPU
		{AAE25C96-EB38-4132-BB59-BDDBA9987E99}.Debug|Any CPU.ActiveCfg = Debug|Any CPU
		{AAE25C96-EB38-4132-BB59-BDDBA9987E99}.Debug|Any CPU.Build.0 = Debug|Any CPU
		{AAE25C96-EB38-4132-BB59-BDDBA9987E99}.Release|Any CPU.ActiveCfg = Release|Any CPU
		{AAE25C96-EB38-4132-BB59-BDDBA9987E99}.Release|Any CPU.Build.0 = Release|Any CPU
	EndGlobalSection
EndGlobal
